
Microsoft Visual Studio Solution File, Format Version 12.00
# Visual Studio Version 17
VisualStudioVersion = 17.11.35303.130
MinimumVisualStudioVersion = 10.0.40219.1
Project("{8BC9CEB8-8B4A-11D0-8D11-00A0C91BC942}") = "proyecto1_cliente", "proyecto1_cliente.vcxproj", "{000A84FD-12A2-4C56-802D-920E5F7BF5B9}"
EndProject
Global
	GlobalSection(SolutionConfigurationPlatforms) = preSolution
		Debug|x64 = Debug|x64
		Debug|x86 = Debug|x86
		Release|x64 = Release|x64
		Release|x86 = Release|x86
	EndGlobalSection
	GlobalSection(ProjectConfigurationPlatforms) = postSolution
		{000A84FD-12A2-4C56-802D-920E5F7BF5B9}.Debug|x64.ActiveCfg = Debug|x64
		{000A84FD-12A2-4C56-802D-920E5F7BF5B9}.Debug|x64.Build.0 = Debug|x64
		{000A84FD-12A2-4C56-802D-920E5F7BF5B9}.Debug|x86.ActiveCfg = Debug|Win32
		{000A84FD-12A2-4C56-802D-920E5F7BF5B9}.Debug|x86.Build.0 = Debug|Win32
		{000A84FD-12A2-4C56-802D-920E5F7BF5B9}.Release|x64.ActiveCfg = Release|x64
		{000A84FD-12A2-4C56-802D-920E5F7BF5B9}.Release|x64.Build.0 = Release|x64
		{000A84FD-12A2-4C56-802D-920E5F7BF5B9}.Release|x86.ActiveCfg = Release|Win32
		{000A84FD-12A2-4C56-802D-920E5F7BF5B9}.Release|x86.Build.0 = Release|Win32
	EndGlobalSection
	GlobalSection(SolutionProperties) = preSolution
		HideSolutionNode = FALSE
	EndGlobalSection
	GlobalSection(ExtensibilityGlobals) = postSolution
		SolutionGuid = {FE08A66D-682E-4406-ADCA-E8F5B08E9FC2}
	EndGlobalSection
EndGlobal
